PODS:
  - GoogleMaps (4.2.0):
    - GoogleMaps/Maps (= 4.2.0)
  - GoogleMaps/Base (4.2.0)
  - GoogleMaps/Maps (4.2.0):
    - GoogleMaps/Base
  - Protobuf (3.19.4)
  - SitumSDK (2.52.1):
    - Protobuf (~> 3.7)
    - SSZipArchive (~> 2.4)
  - SitumWayfinding (0.3.0):
    - GoogleMaps (~> 4.2.0)
    - SitumSDK (~> 2.52.1)
  - SSZipArchive (2.4.3)

DEPENDENCIES:
  - SitumWayfinding (from `../`)

SPEC REPOS:
  trunk:
    - GoogleMaps
    - Protobuf
    - SitumSDK
    - SSZipArchive

EXTERNAL SOURCES:
  SitumWayfinding:
    :path: "../"

SPEC CHECKSUMS:
  GoogleMaps: eb03e327edfd70b06de1e6e321653f73712df7ad
  Protobuf: 235750e4696ff59fb07d949a9dbbc92b3c0700fe
  SitumSDK: 7dcc1ffbd310d3d8e774653d79c0987de36a14a1
  SitumWayfinding: 896c7c076ad15b42b2cfa7e81e5d129401840675
  SSZipArchive: fe6a26b2a54d5a0890f2567b5cc6de5caa600aef

PODFILE CHECKSUM: 181eb894514efe3e0119ec84dae5349934aaaa20

COCOAPODS: 1.10.2
